
Microsoft Visual Studio Solution File, Format Version 12.00
# Visual Studio 14
VisualStudioVersion = 14.0.25123.0
MinimumVisualStudioVersion = 10.0.40219.1
Project("{2150E333-8FDC-42A3-9474-1A3956D46DE8}") = "Data", "Data", "{44BE0362-B5DB-4233-A822-088FD6111BA9}"
EndProject
Project("{2150E333-8FDC-42A3-9474-1A3956D46DE8}") = "Web", "Web", "{4BD2A4F3-F1C6-400A-A131-BF3268DFCB26}"
EndProject
Project("{FAE04EC0-301F-11D3-BF4B-00C04F79EFBC}") = "Hotel.Data", "Data\Hotel.Data\Hotel.Data.csproj", "{A7291ED5-F0B1-4A06-AF07-07068CFE06CF}"
EndProject
Project("{FAE04EC0-301F-11D3-BF4B-00C04F79EFBC}") = "Hotel.Web", "Web\Hotel.Web\Hotel.Web.csproj", "{F66CD5AE-FE20-4D4F-A257-041B628739F7}"
EndProject
Project("{FAE04EC0-301F-11D3-BF4B-00C04F79EFBC}") = "Hotel.Data.Models", "Data\Hotel.Data.Models\Hotel.Data.Models.csproj", "{FB990926-1DF2-462D-AD49-1F297F748CBC}"
EndProject
Project("{FAE04EC0-301F-11D3-BF4B-00C04F79EFBC}") = "Hotel.Data.Common", "Data\Hotel.Data.Common\Hotel.Data.Common.csproj", "{D9CBFD9D-6A1A-49D1-921B-D2FBC122C648}"
EndProject
Project("{FAE04EC0-301F-11D3-BF4B-00C04F79EFBC}") = "Hotel.Web.ViewModels", "Web\Hotel.Web.ViewModels\Hotel.Web.ViewModels.csproj", "{2BFE59BF-5DF6-47B1-884E-ABFEA8AE6116}"
EndProject
Project("{2150E333-8FDC-42A3-9474-1A3956D46DE8}") = "Tests", "Tests", "{87D8178F-D74A-473D-99FE-1AD1814B6A8F}"
EndProject
Project("{FAE04EC0-301F-11D3-BF4B-00C04F79EFBC}") = "Hotel.Web.Services", "Web\Hotel.Web.Services\Hotel.Web.Services.csproj", "{B350016E-658D-4E1B-BA1A-011077F5A0E2}"
EndProject
Project("{FAE04EC0-301F-11D3-BF4B-00C04F79EFBC}") = "Hotel.Web.Infrastructure", "Web\Hotel.Web.Infrastructure\Hotel.Web.Infrastructure.csproj", "{9B18AD68-A9FB-4748-BD46-A627E817DCD9}"
EndProject
Global
	GlobalSection(SolutionConfigurationPlatforms) = preSolution
		Debug|Any CPU = Debug|Any CPU
		Release|Any CPU = Release|Any CPU
	EndGlobalSection
	GlobalSection(ProjectConfigurationPlatforms) = postSolution
		{A7291ED5-F0B1-4A06-AF07-07068CFE06CF}.Debug|Any CPU.ActiveCfg = Debug|Any CPU
		{A7291ED5-F0B1-4A06-AF07-07068CFE06CF}.Debug|Any CPU.Build.0 = Debug|Any CPU
		{A7291ED5-F0B1-4A06-AF07-07068CFE06CF}.Release|Any CPU.ActiveCfg = Release|Any CPU
		{A7291ED5-F0B1-4A06-AF07-07068CFE06CF}.Release|Any CPU.Build.0 = Release|Any CPU
		{F66CD5AE-FE20-4D4F-A257-041B628739F7}.Debug|Any CPU.ActiveCfg = Debug|Any CPU
		{F66CD5AE-FE20-4D4F-A257-041B628739F7}.Debug|Any CPU.Build.0 = Debug|Any CPU
		{F66CD5AE-FE20-4D4F-A257-041B628739F7}.Release|Any CPU.ActiveCfg = Release|Any CPU
		{F66CD5AE-FE20-4D4F-A257-041B628739F7}.Release|Any CPU.Build.0 = Release|Any CPU
		{FB990926-1DF2-462D-AD49-1F297F748CBC}.Debug|Any CPU.ActiveCfg = Debug|Any CPU
		{FB990926-1DF2-462D-AD49-1F297F748CBC}.Debug|Any CPU.Build.0 = Debug|Any CPU
		{FB990926-1DF2-462D-AD49-1F297F748CBC}.Release|Any CPU.ActiveCfg = Release|Any CPU
		{FB990926-1DF2-462D-AD49-1F297F748CBC}.Release|Any CPU.Build.0 = Release|Any CPU
		{D9CBFD9D-6A1A-49D1-921B-D2FBC122C648}.Debug|Any CPU.ActiveCfg = Debug|Any CPU
		{D9CBFD9D-6A1A-49D1-921B-D2FBC122C648}.Debug|Any CPU.Build.0 = Debug|Any CPU
		{D9CBFD9D-6A1A-49D1-921B-D2FBC122C648}.Release|Any CPU.ActiveCfg = Release|Any CPU
		{D9CBFD9D-6A1A-49D1-921B-D2FBC122C648}.Release|Any CPU.Build.0 = Release|Any CPU
		{2BFE59BF-5DF6-47B1-884E-ABFEA8AE6116}.Debug|Any CPU.ActiveCfg = Debug|Any CPU
		{2BFE59BF-5DF6-47B1-884E-ABFEA8AE6116}.Debug|Any CPU.Build.0 = Debug|Any CPU
		{2BFE59BF-5DF6-47B1-884E-ABFEA8AE6116}.Release|Any CPU.ActiveCfg = Release|Any CPU
		{2BFE59BF-5DF6-47B1-884E-ABFEA8AE6116}.Release|Any CPU.Build.0 = Release|Any CPU
		{B350016E-658D-4E1B-BA1A-011077F5A0E2}.Debug|Any CPU.ActiveCfg = Debug|Any CPU
		{B350016E-658D-4E1B-BA1A-011077F5A0E2}.Debug|Any CPU.Build.0 = Debug|Any CPU
		{B350016E-658D-4E1B-BA1A-011077F5A0E2}.Release|Any CPU.ActiveCfg = Release|Any CPU
		{B350016E-658D-4E1B-BA1A-011077F5A0E2}.Release|Any CPU.Build.0 = Release|Any CPU
		{9B18AD68-A9FB-4748-BD46-A627E817DCD9}.Debug|Any CPU.ActiveCfg = Debug|Any CPU
		{9B18AD68-A9FB-4748-BD46-A627E817DCD9}.Debug|Any CPU.Build.0 = Debug|Any CPU
		{9B18AD68-A9FB-4748-BD46-A627E817DCD9}.Release|Any CPU.ActiveCfg = Release|Any CPU
		{9B18AD68-A9FB-4748-BD46-A627E817DCD9}.Release|Any CPU.Build.0 = Release|Any CPU
	EndGlobalSection
	GlobalSection(SolutionProperties) = preSolution
		HideSolutionNode = FALSE
	EndGlobalSection
	GlobalSection(NestedProjects) = preSolution
		{A7291ED5-F0B1-4A06-AF07-07068CFE06CF} = {44BE0362-B5DB-4233-A822-088FD6111BA9}
		{F66CD5AE-FE20-4D4F-A257-041B628739F7} = {4BD2A4F3-F1C6-400A-A131-BF3268DFCB26}
		{FB990926-1DF2-462D-AD49-1F297F748CBC} = {44BE0362-B5DB-4233-A822-088FD6111BA9}
		{D9CBFD9D-6A1A-49D1-921B-D2FBC122C648} = {44BE0362-B5DB-4233-A822-088FD6111BA9}
		{2BFE59BF-5DF6-47B1-884E-ABFEA8AE6116} = {4BD2A4F3-F1C6-400A-A131-BF3268DFCB26}
		{B350016E-658D-4E1B-BA1A-011077F5A0E2} = {4BD2A4F3-F1C6-400A-A131-BF3268DFCB26}
		{9B18AD68-A9FB-4748-BD46-A627E817DCD9} = {4BD2A4F3-F1C6-400A-A131-BF3268DFCB26}
	EndGlobalSection
EndGlobal
