
Microsoft Visual Studio Solution File, Format Version 12.00
# Visual Studio 14
VisualStudioVersion = 14.0.25123.0
MinimumVisualStudioVersion = 10.0.40219.1
Project("{2150E333-8FDC-42A3-9474-1A3956D46DE8}") = "Data", "Data", "{44BE0362-B5DB-4233-A822-088FD6111BA9}"
EndProject
Project("{2150E333-8FDC-42A3-9474-1A3956D46DE8}") = "Web", "Web", "{4BD2A4F3-F1C6-400A-A131-BF3268DFCB26}"
EndProject
Project("{FAE04EC0-301F-11D3-BF4B-00C04F79EFBC}") = "Hotel.Common", "Hotel.Common\Hotel.Common.csproj", "{DE8D62C3-0331-4E59-A989-C5FC7A16E3FF}"
EndProject
Project("{FAE04EC0-301F-11D3-BF4B-00C04F79EFBC}") = "Hotel.Data", "Data\Hotel.Data\Hotel.Data.csproj", "{A7291ED5-F0B1-4A06-AF07-07068CFE06CF}"
EndProject
Project("{FAE04EC0-301F-11D3-BF4B-00C04F79EFBC}") = "Hotel.Web", "Web\Hotel.Web\Hotel.Web.csproj", "{F66CD5AE-FE20-4D4F-A257-041B628739F7}"
EndProject
Project("{FAE04EC0-301F-11D3-BF4B-00C04F79EFBC}") = "Hotel.Data.Models", "Data\Hotel.Data.Models\Hotel.Data.Models.csproj", "{FB990926-1DF2-462D-AD49-1F297F748CBC}"
EndProject
Project("{FAE04EC0-301F-11D3-BF4B-00C04F79EFBC}") = "Hotel.Data.Common", "Data\Hotel.Data.Common\Hotel.Data.Common.csproj", "{D9CBFD9D-6A1A-49D1-921B-D2FBC122C648}"
EndProject
Global
	GlobalSection(SolutionConfigurationPlatforms) = preSolution
		Debug|Any CPU = Debug|Any CPU
		Release|Any CPU = Release|Any CPU
	EndGlobalSection
	GlobalSection(ProjectConfigurationPlatforms) = postSolution
		{DE8D62C3-0331-4E59-A989-C5FC7A16E3FF}.Debug|Any CPU.ActiveCfg = Debug|Any CPU
		{DE8D62C3-0331-4E59-A989-C5FC7A16E3FF}.Debug|Any CPU.Build.0 = Debug|Any CPU
		{DE8D62C3-0331-4E59-A989-C5FC7A16E3FF}.Release|Any CPU.ActiveCfg = Release|Any CPU
		{DE8D62C3-0331-4E59-A989-C5FC7A16E3FF}.Release|Any CPU.Build.0 = Release|Any CPU
		{A7291ED5-F0B1-4A06-AF07-07068CFE06CF}.Debug|Any CPU.ActiveCfg = Debug|Any CPU
		{A7291ED5-F0B1-4A06-AF07-07068CFE06CF}.Debug|Any CPU.Build.0 = Debug|Any CPU
		{A7291ED5-F0B1-4A06-AF07-07068CFE06CF}.Release|Any CPU.ActiveCfg = Release|Any CPU
		{A7291ED5-F0B1-4A06-AF07-07068CFE06CF}.Release|Any CPU.Build.0 = Release|Any CPU
		{F66CD5AE-FE20-4D4F-A257-041B628739F7}.Debug|Any CPU.ActiveCfg = Debug|Any CPU
		{F66CD5AE-FE20-4D4F-A257-041B628739F7}.Debug|Any CPU.Build.0 = Debug|Any CPU
		{F66CD5AE-FE20-4D4F-A257-041B628739F7}.Release|Any CPU.ActiveCfg = Release|Any CPU
		{F66CD5AE-FE20-4D4F-A257-041B628739F7}.Release|Any CPU.Build.0 = Release|Any CPU
		{FB990926-1DF2-462D-AD49-1F297F748CBC}.Debug|Any CPU.ActiveCfg = Debug|Any CPU
		{FB990926-1DF2-462D-AD49-1F297F748CBC}.Debug|Any CPU.Build.0 = Debug|Any CPU
		{FB990926-1DF2-462D-AD49-1F297F748CBC}.Release|Any CPU.ActiveCfg = Release|Any CPU
		{FB990926-1DF2-462D-AD49-1F297F748CBC}.Release|Any CPU.Build.0 = Release|Any CPU
		{D9CBFD9D-6A1A-49D1-921B-D2FBC122C648}.Debug|Any CPU.ActiveCfg = Debug|Any CPU
		{D9CBFD9D-6A1A-49D1-921B-D2FBC122C648}.Debug|Any CPU.Build.0 = Debug|Any CPU
		{D9CBFD9D-6A1A-49D1-921B-D2FBC122C648}.Release|Any CPU.ActiveCfg = Release|Any CPU
		{D9CBFD9D-6A1A-49D1-921B-D2FBC122C648}.Release|Any CPU.Build.0 = Release|Any CPU
	EndGlobalSection
	GlobalSection(SolutionProperties) = preSolution
		HideSolutionNode = FALSE
	EndGlobalSection
	GlobalSection(NestedProjects) = preSolution
		{A7291ED5-F0B1-4A06-AF07-07068CFE06CF} = {44BE0362-B5DB-4233-A822-088FD6111BA9}
		{F66CD5AE-FE20-4D4F-A257-041B628739F7} = {4BD2A4F3-F1C6-400A-A131-BF3268DFCB26}
		{FB990926-1DF2-462D-AD49-1F297F748CBC} = {44BE0362-B5DB-4233-A822-088FD6111BA9}
		{D9CBFD9D-6A1A-49D1-921B-D2FBC122C648} = {44BE0362-B5DB-4233-A822-088FD6111BA9}
	EndGlobalSection
EndGlobal
